
Microsoft Visual Studio Solution File, Format Version 12.00
# Visual Studio Version 17
VisualStudioVersion = 17.9.34622.214
MinimumVisualStudioVersion = 10.0.40219.1
Project("{FAE04EC0-301F-11D3-BF4B-00C04F79EFBC}") = "IIS_Project", "IIS_Project.csproj", "{FB647A43-2214-42E7-9A34-70DB2BC71D03}"
EndProject
Global
	GlobalSection(SolutionConfigurationPlatforms) = preSolution
		Debug|Any CPU = Debug|Any CPU
		Release|Any CPU = Release|Any CPU
	EndGlobalSection
	GlobalSection(ProjectConfigurationPlatforms) = postSolution
		{FB647A43-2214-42E7-9A34-70DB2BC71D03}.Debug|Any CPU.ActiveCfg = Debug|Any CPU
		{FB647A43-2214-42E7-9A34-70DB2BC71D03}.Debug|Any CPU.Build.0 = Debug|Any CPU
		{FB647A43-2214-42E7-9A34-70DB2BC71D03}.Release|Any CPU.ActiveCfg = Release|Any CPU
		{FB647A43-2214-42E7-9A34-70DB2BC71D03}.Release|Any CPU.Build.0 = Release|Any CPU
	EndGlobalSection
	GlobalSection(SolutionProperties) = preSolution
		HideSolutionNode = FALSE
	EndGlobalSection
	GlobalSection(ExtensibilityGlobals) = postSolution
		SolutionGuid = {0DACAABC-6A62-4D15-8B4E-20B139F06781}
	EndGlobalSection
EndGlobal
